
Microsoft Visual Studio Solution File, Format Version 12.00
# Visual Studio Version 16
VisualStudioVersion = 16.0.30104.148
MinimumVisualStudioVersion = 10.0.40219.1
Project("{9A19103F-16F7-4668-BE54-9A1E7A4F7556}") = "FlyshowVegetablesAPI", "FlyshowVegetablesAPI.csproj", "{D9091F36-1D48-41C1-AD18-0494D644C3F4}"
EndProject
Project("{9A19103F-16F7-4668-BE54-9A1E7A4F7556}") = "Infrastructure", "..\Infrastructure\Infrastructure.csproj", "{BD4144B0-7B1D-42BB-A9EB-13D1B0CFA6DF}"
EndProject
Global
	GlobalSection(SolutionConfigurationPlatforms) = preSolution
		Debug|Any CPU = Debug|Any CPU
		Release|Any CPU = Release|Any CPU
	EndGlobalSection
	GlobalSection(ProjectConfigurationPlatforms) = postSolution
		{D9091F36-1D48-41C1-AD18-0494D644C3F4}.Debug|Any CPU.ActiveCfg = Debug|Any CPU
		{D9091F36-1D48-41C1-AD18-0494D644C3F4}.Debug|Any CPU.Build.0 = Debug|Any CPU
		{D9091F36-1D48-41C1-AD18-0494D644C3F4}.Release|Any CPU.ActiveCfg = Release|Any CPU
		{D9091F36-1D48-41C1-AD18-0494D644C3F4}.Release|Any CPU.Build.0 = Release|Any CPU
		{BD4144B0-7B1D-42BB-A9EB-13D1B0CFA6DF}.Debug|Any CPU.ActiveCfg = Debug|Any CPU
		{BD4144B0-7B1D-42BB-A9EB-13D1B0CFA6DF}.Debug|Any CPU.Build.0 = Debug|Any CPU
		{BD4144B0-7B1D-42BB-A9EB-13D1B0CFA6DF}.Release|Any CPU.ActiveCfg = Release|Any CPU
		{BD4144B0-7B1D-42BB-A9EB-13D1B0CFA6DF}.Release|Any CPU.Build.0 = Release|Any CPU
	EndGlobalSection
	GlobalSection(SolutionProperties) = preSolution
		HideSolutionNode = FALSE
	EndGlobalSection
	GlobalSection(ExtensibilityGlobals) = postSolution
		SolutionGuid = {48857C30-B4AC-4117-BDB3-D131619689A3}
	EndGlobalSection
EndGlobal
